
Microsoft Visual Studio Solution File, Format Version 12.00
# Visual Studio Version 16
VisualStudioVersion = 16.0.30517.126
MinimumVisualStudioVersion = 10.0.40219.1
Project("{FAE04EC0-301F-11D3-BF4B-00C04F79EFBC}") = "Методы и средства программирования_ЛАБА №1", "Методы и средства программирования_ЛАБА №1\Методы и средства программирования_ЛАБА №1.csproj", "{8D98FFF3-5311-47DF-9E8A-E48D7A74E6B1}"
EndProject
Global
	GlobalSection(SolutionConfigurationPlatforms) = preSolution
		Debug|Any CPU = Debug|Any CPU
		Release|Any CPU = Release|Any CPU
	EndGlobalSection
	GlobalSection(ProjectConfigurationPlatforms) = postSolution
		{8D98FFF3-5311-47DF-9E8A-E48D7A74E6B1}.Debug|Any CPU.ActiveCfg = Debug|Any CPU
		{8D98FFF3-5311-47DF-9E8A-E48D7A74E6B1}.Debug|Any CPU.Build.0 = Debug|Any CPU
		{8D98FFF3-5311-47DF-9E8A-E48D7A74E6B1}.Release|Any CPU.ActiveCfg = Release|Any CPU
		{8D98FFF3-5311-47DF-9E8A-E48D7A74E6B1}.Release|Any CPU.Build.0 = Release|Any CPU
	EndGlobalSection
	GlobalSection(SolutionProperties) = preSolution
		HideSolutionNode = FALSE
	EndGlobalSection
	GlobalSection(ExtensibilityGlobals) = postSolution
		SolutionGuid = {BDB42669-10C8-4B5B-980B-0EA66ADF5CF7}
	EndGlobalSection
EndGlobal
